
Microsoft Visual Studio Solution File, Format Version 11.00
# Visual Studio 2010
Project("{FAE04EC0-301F-11D3-BF4B-00C04F79EFBC}") = "Design_Patterns", "Design_Patterns\Design_Patterns.csproj", "{24AEF764-BD69-49C2-AFD6-BB9A5F40DE7E}"
EndProject
Global
	GlobalSection(SolutionConfigurationPlatforms) = preSolution
		Debug|x86 = Debug|x86
		Release|x86 = Release|x86
	EndGlobalSection
	GlobalSection(ProjectConfigurationPlatforms) = postSolution
		{24AEF764-BD69-49C2-AFD6-BB9A5F40DE7E}.Debug|x86.ActiveCfg = Debug|x86
		{24AEF764-BD69-49C2-AFD6-BB9A5F40DE7E}.Debug|x86.Build.0 = Debug|x86
		{24AEF764-BD69-49C2-AFD6-BB9A5F40DE7E}.Release|x86.ActiveCfg = Release|x86
		{24AEF764-BD69-49C2-AFD6-BB9A5F40DE7E}.Release|x86.Build.0 = Release|x86
	EndGlobalSection
	GlobalSection(SolutionProperties) = preSolution
		HideSolutionNode = FALSE
	EndGlobalSection
EndGlobal
